
Microsoft Visual Studio Solution File, Format Version 12.00
# Visual Studio 15
Project("{FAE04EC0-301F-11D3-BF4B-00C04F79EFBC}") = "NaughtyAttributes.Test", "NaughtyAttributes.Test.csproj", "{178DE734-4D9D-B5F0-92FD-657286E55CEE}"
EndProject
Project("{FAE04EC0-301F-11D3-BF4B-00C04F79EFBC}") = "NaughtyAttributes.Core", "NaughtyAttributes.Core.csproj", "{18738868-E2F5-9D2C-8794-AF06512F7AAB}"
EndProject
Project("{FAE04EC0-301F-11D3-BF4B-00C04F79EFBC}") = "Assembly-CSharp", "Assembly-CSharp.csproj", "{4F4822D3-E653-9981-CC93-81E2F1811A6E}"
EndProject
Project("{FAE04EC0-301F-11D3-BF4B-00C04F79EFBC}") = "NaughtyAttributes.Editor", "NaughtyAttributes.Editor.csproj", "{E7D0BA6B-4777-9D5C-2855-701B0C40453A}"
EndProject
Global
	GlobalSection(SolutionConfigurationPlatforms) = preSolution
		Debug|Any CPU = Debug|Any CPU
		Release|Any CPU = Release|Any CPU
	EndGlobalSection
	GlobalSection(ProjectConfigurationPlatforms) = postSolution
		{178DE734-4D9D-B5F0-92FD-657286E55CEE}.Debug|Any CPU.ActiveCfg = Debug|Any CPU
		{178DE734-4D9D-B5F0-92FD-657286E55CEE}.Debug|Any CPU.Build.0 = Debug|Any CPU
		{178DE734-4D9D-B5F0-92FD-657286E55CEE}.Release|Any CPU.ActiveCfg = Release|Any CPU
		{178DE734-4D9D-B5F0-92FD-657286E55CEE}.Release|Any CPU.Build.0 = Release|Any CPU
		{18738868-E2F5-9D2C-8794-AF06512F7AAB}.Debug|Any CPU.ActiveCfg = Debug|Any CPU
		{18738868-E2F5-9D2C-8794-AF06512F7AAB}.Debug|Any CPU.Build.0 = Debug|Any CPU
		{18738868-E2F5-9D2C-8794-AF06512F7AAB}.Release|Any CPU.ActiveCfg = Release|Any CPU
		{18738868-E2F5-9D2C-8794-AF06512F7AAB}.Release|Any CPU.Build.0 = Release|Any CPU
		{4F4822D3-E653-9981-CC93-81E2F1811A6E}.Debug|Any CPU.ActiveCfg = Debug|Any CPU
		{4F4822D3-E653-9981-CC93-81E2F1811A6E}.Debug|Any CPU.Build.0 = Debug|Any CPU
		{4F4822D3-E653-9981-CC93-81E2F1811A6E}.Release|Any CPU.ActiveCfg = Release|Any CPU
		{4F4822D3-E653-9981-CC93-81E2F1811A6E}.Release|Any CPU.Build.0 = Release|Any CPU
		{E7D0BA6B-4777-9D5C-2855-701B0C40453A}.Debug|Any CPU.ActiveCfg = Debug|Any CPU
		{E7D0BA6B-4777-9D5C-2855-701B0C40453A}.Debug|Any CPU.Build.0 = Debug|Any CPU
		{E7D0BA6B-4777-9D5C-2855-701B0C40453A}.Release|Any CPU.ActiveCfg = Release|Any CPU
		{E7D0BA6B-4777-9D5C-2855-701B0C40453A}.Release|Any CPU.Build.0 = Release|Any CPU
	EndGlobalSection
	GlobalSection(SolutionProperties) = preSolution
		HideSolutionNode = FALSE
	EndGlobalSection
EndGlobal
